
Microsoft Visual Studio Solution File, Format Version 12.00
Project("{FAE04EC0-301F-11D3-BF4B-00C04F79EFBC}") = "BetterMetronome", "BetterMetronome.csproj", "{3380ADF0-FB03-4FA5-BD2C-F50D8D04465A}"
EndProject
Global
	GlobalSection(SolutionConfigurationPlatforms) = preSolution
		Debug|Any CPU = Debug|Any CPU
		Release|Any CPU = Release|Any CPU
	EndGlobalSection
	GlobalSection(ProjectConfigurationPlatforms) = postSolution
		{3380ADF0-FB03-4FA5-BD2C-F50D8D04465A}.Debug|Any CPU.ActiveCfg = Debug|Any CPU
		{3380ADF0-FB03-4FA5-BD2C-F50D8D04465A}.Debug|Any CPU.Build.0 = Debug|Any CPU
		{3380ADF0-FB03-4FA5-BD2C-F50D8D04465A}.Release|Any CPU.ActiveCfg = Release|Any CPU
		{3380ADF0-FB03-4FA5-BD2C-F50D8D04465A}.Release|Any CPU.Build.0 = Release|Any CPU
	EndGlobalSection
EndGlobal
